// !$*UTF8*$!
{
	archiveVersion = 1;
	classes = {
	};
	objectVersion = 50;
	objects = {

/* Begin PBXBuildFile section */
		58617F7421BCD7C90058DDA7 /* AddCatViewController.swift in Sources */ = {isa = PBXBuildFile; fileRef = 58617F7321BCD7C90058DDA7 /* AddCatViewController.swift */; };
		58617F7621BCD7ED0058DDA7 /* AddCatTableViewCell.swift in Sources */ = {isa = PBXBuildFile; fileRef = 58617F7521BCD7ED0058DDA7 /* AddCatTableViewCell.swift */; };
		58BB7069219F7DFE00B71EE2 /* AppDelegate.swift in Sources */ = {isa = PBXBuildFile; fileRef = 58BB7068219F7DFE00B71EE2 /* AppDelegate.swift */; };
		58BB706B219F7DFE00B71EE2 /* ViewController.swift in Sources */ = {isa = PBXBuildFile; fileRef = 58BB706A219F7DFE00B71EE2 /* ViewController.swift */; };
		58BB706E219F7DFE00B71EE2 /* Main.storyboard in Resources */ = {isa = PBXBuildFile; fileRef = 58BB706C219F7DFE00B71EE2 /* Main.storyboard */; };
		58BB7070219F7E0400B71EE2 /* Assets.xcassets in Resources */ = {isa = PBXBuildFile; fileRef = 58BB706F219F7E0400B71EE2 /* Assets.xcassets */; };
		58BB7073219F7E0400B71EE2 /* LaunchScreen.storyboard in Resources */ = {isa = PBXBuildFile; fileRef = 58BB7071219F7E0400B71EE2 /* LaunchScreen.storyboard */; };
		58BB707E219F7E0500B71EE2 /* Toy2Tests.swift in Sources */ = {isa = PBXBuildFile; fileRef = 58BB707D219F7E0500B71EE2 /* Toy2Tests.swift */; };
		58BB7089219F7E0500B71EE2 /* Toy2UITests.swift in Sources */ = {isa = PBXBuildFile; fileRef = 58BB7088219F7E0500B71EE2 /* Toy2UITests.swift */; };
		58CA9C9421A9EE26002DB369 /* CatTableViewController.swift in Sources */ = {isa = PBXBuildFile; fileRef = 58CA9C9321A9EE26002DB369 /* CatTableViewController.swift */; };
		58CA9C9621A9EE49002DB369 /* CatTableViewCell.swift in Sources */ = {isa = PBXBuildFile; fileRef = 58CA9C9521A9EE49002DB369 /* CatTableViewCell.swift */; };
		58CA9C9921A9FF43002DB369 /* Cat.swift in Sources */ = {isa = PBXBuildFile; fileRef = 58CA9C9821A9FF43002DB369 /* Cat.swift */; };
		58CA9C9B21AA07B2002DB369 /* DetailViewController.swift in Sources */ = {isa = PBXBuildFile; fileRef = 58CA9C9A21AA07B2002DB369 /* DetailViewController.swift */; };
/* End PBXBuildFile section */

/* Begin PBXContainerItemProxy section */
		58BB707A219F7E0500B71EE2 /* PBXContainerItemProxy */ = {
			isa = PBXContainerItemProxy;
			containerPortal = 58BB705D219F7DFE00B71EE2 /* Project object */;
			proxyType = 1;
			remoteGlobalIDString = 58BB7064219F7DFE00B71EE2;
			remoteInfo = Toy2;
		};
		58BB7085219F7E0500B71EE2 /* PBXContainerItemProxy */ = {
			isa = PBXContainerItemProxy;
			containerPortal = 58BB705D219F7DFE00B71EE2 /* Project object */;
			proxyType = 1;
			remoteGlobalIDString = 58BB7064219F7DFE00B71EE2;
			remoteInfo = Toy2;
		};
/* End PBXContainerItemProxy section */

/* Begin PBXFileReference section */
		58617F7321BCD7C90058DDA7 /* AddCatViewController.swift */ = {isa = PBXFileReference; lastKnownFileType = sourcecode.swift; path = AddCatViewController.swift; sourceTree = "<group>"; };
		58617F7521BCD7ED0058DDA7 /* AddCatTableViewCell.swift */ = {isa = PBXFileReference; lastKnownFileType = sourcecode.swift; path = AddCatTableViewCell.swift; sourceTree = "<group>"; };
		58BB7065219F7DFE00B71EE2 /* Toy2.app */ = {isa = PBXFileReference; explicitFileType = wrapper.application; includeInIndex = 0; path = Toy2.app; sourceTree = BUILT_PRODUCTS_DIR; };
		58BB7068219F7DFE00B71EE2 /* AppDelegate.swift */ = {isa = PBXFileReference; lastKnownFileType = sourcecode.swift; path = AppDelegate.swift; sourceTree = "<group>"; };
		58BB706A219F7DFE00B71EE2 /* ViewController.swift */ = {isa = PBXFileReference; lastKnownFileType = sourcecode.swift; path = ViewController.swift; sourceTree = "<group>"; };
		58BB706D219F7DFE00B71EE2 /* Base */ = {isa = PBXFileReference; lastKnownFileType = file.storyboard; name = Base; path = Base.lproj/Main.storyboard; sourceTree = "<group>"; };
		58BB706F219F7E0400B71EE2 /* Assets.xcassets */ = {isa = PBXFileReference; lastKnownFileType = folder.assetcatalog; path = Assets.xcassets; sourceTree = "<group>"; };
		58BB7072219F7E0400B71EE2 /* Base */ = {isa = PBXFileReference; lastKnownFileType = file.storyboard; name = Base; path = Base.lproj/LaunchScreen.storyboard; sourceTree = "<group>"; };
		58BB7074219F7E0400B71EE2 /* Info.plist */ = {isa = PBXFileReference; lastKnownFileType = text.plist.xml; path = Info.plist; sourceTree = "<group>"; };
		58BB7079219F7E0500B71EE2 /* Toy2Tests.xctest */ = {isa = PBXFileReference; explicitFileType = wrapper.cfbundle; includeInIndex = 0; path = Toy2Tests.xctest; sourceTree = BUILT_PRODUCTS_DIR; };
		58BB707D219F7E0500B71EE2 /* Toy2Tests.swift */ = {isa = PBXFileReference; lastKnownFileType = sourcecode.swift; path = Toy2Tests.swift; sourceTree = "<group>"; };
		58BB707F219F7E0500B71EE2 /* Info.plist */ = {isa = PBXFileReference; lastKnownFileType = text.plist.xml; path = Info.plist; sourceTree = "<group>"; };
		58BB7084219F7E0500B71EE2 /* Toy2UITests.xctest */ = {isa = PBXFileReference; explicitFileType = wrapper.cfbundle; includeInIndex = 0; path = Toy2UITests.xctest; sourceTree = BUILT_PRODUCTS_DIR; };
		58BB7088219F7E0500B71EE2 /* Toy2UITests.swift */ = {isa = PBXFileReference; lastKnownFileType = sourcecode.swift; path = Toy2UITests.swift; sourceTree = "<group>"; };
		58BB708A219F7E0500B71EE2 /* Info.plist */ = {isa = PBXFileReference; lastKnownFileType = text.plist.xml; path = Info.plist; sourceTree = "<group>"; };
		58CA9C9321A9EE26002DB369 /* CatTableViewController.swift */ = {isa = PBXFileReference; lastKnownFileType = sourcecode.swift; path = CatTableViewController.swift; sourceTree = "<group>"; };
		58CA9C9521A9EE49002DB369 /* CatTableViewCell.swift */ = {isa = PBXFileReference; lastKnownFileType = sourcecode.swift; path = CatTableViewCell.swift; sourceTree = "<group>"; };
		58CA9C9821A9FF43002DB369 /* Cat.swift */ = {isa = PBXFileReference; lastKnownFileType = sourcecode.swift; path = Cat.swift; sourceTree = "<group>"; };
		58CA9C9A21AA07B2002DB369 /* DetailViewController.swift */ = {isa = PBXFileReference; lastKnownFileType = sourcecode.swift; path = DetailViewController.swift; sourceTree = "<group>"; };
/* End PBXFileReference section */

/* Begin PBXFrameworksBuildPhase section */
		58BB7062219F7DFE00B71EE2 /* Frameworks */ = {
			isa = PBXFrameworksBuildPhase;
			buildActionMask = 2147483647;
			files = (
			);
			runOnlyForDeploymentPostprocessing = 0;
		};
		58BB7076219F7E0500B71EE2 /* Frameworks */ = {
			isa = PBXFrameworksBuildPhase;
			buildActionMask = 2147483647;
			files = (
			);
			runOnlyForDeploymentPostprocessing = 0;
		};
		58BB7081219F7E0500B71EE2 /* Frameworks */ = {
			isa = PBXFrameworksBuildPhase;
			buildActionMask = 2147483647;
			files = (
			);
			runOnlyForDeploymentPostprocessing = 0;
		};
/* End PBXFrameworksBuildPhase section */

/* Begin PBXGroup section */
		58BB705C219F7DFE00B71EE2 = {
			isa = PBXGroup;
			children = (
				58BB7067219F7DFE00B71EE2 /* Toy2 */,
				58BB707C219F7E0500B71EE2 /* Toy2Tests */,
				58BB7087219F7E0500B71EE2 /* Toy2UITests */,
				58BB7066219F7DFE00B71EE2 /* Products */,
			);
			sourceTree = "<group>";
		};
		58BB7066219F7DFE00B71EE2 /* Products */ = {
			isa = PBXGroup;
			children = (
				58BB7065219F7DFE00B71EE2 /* Toy2.app */,
				58BB7079219F7E0500B71EE2 /* Toy2Tests.xctest */,
				58BB7084219F7E0500B71EE2 /* Toy2UITests.xctest */,
			);
			name = Products;
			sourceTree = "<group>";
		};
		58BB7067219F7DFE00B71EE2 /* Toy2 */ = {
			isa = PBXGroup;
			children = (
				58BB7068219F7DFE00B71EE2 /* AppDelegate.swift */,
				58BB706A219F7DFE00B71EE2 /* ViewController.swift */,
				58CA9C9321A9EE26002DB369 /* CatTableViewController.swift */,
				58CA9C9A21AA07B2002DB369 /* DetailViewController.swift */,
				58CA9C9521A9EE49002DB369 /* CatTableViewCell.swift */,
				58617F7521BCD7ED0058DDA7 /* AddCatTableViewCell.swift */,
				58617F7321BCD7C90058DDA7 /* AddCatViewController.swift */,
				58CA9C9721A9FF14002DB369 /* Models */,
				58BB706C219F7DFE00B71EE2 /* Main.storyboard */,
				58BB706F219F7E0400B71EE2 /* Assets.xcassets */,
				58BB7071219F7E0400B71EE2 /* LaunchScreen.storyboard */,
				58BB7074219F7E0400B71EE2 /* Info.plist */,
			);
			path = Toy2;
			sourceTree = "<group>";
		};
		58BB707C219F7E0500B71EE2 /* Toy2Tests */ = {
			isa = PBXGroup;
			children = (
				58BB707D219F7E0500B71EE2 /* Toy2Tests.swift */,
				58BB707F219F7E0500B71EE2 /* Info.plist */,
			);
			path = Toy2Tests;
			sourceTree = "<group>";
		};
		58BB7087219F7E0500B71EE2 /* Toy2UITests */ = {
			isa = PBXGroup;
			children = (
				58BB7088219F7E0500B71EE2 /* Toy2UITests.swift */,
				58BB708A219F7E0500B71EE2 /* Info.plist */,
			);
			path = Toy2UITests;
			sourceTree = "<group>";
		};
		58CA9C9721A9FF14002DB369 /* Models */ = {
			isa = PBXGroup;
			children = (
				58CA9C9821A9FF43002DB369 /* Cat.swift */,
			);
			path = Models;
			sourceTree = "<group>";
		};
/* End PBXGroup section */

/* Begin PBXNativeTarget section */
		58BB7064219F7DFE00B71EE2 /* Toy2 */ = {
			isa = PBXNativeTarget;
			buildConfigurationList = 58BB708D219F7E0500B71EE2 /* Build configuration list for PBXNativeTarget "Toy2" */;
			buildPhases = (
				58BB7061219F7DFE00B71EE2 /* Sources */,
				58BB7062219F7DFE00B71EE2 /* Frameworks */,
				58BB7063219F7DFE00B71EE2 /* Resources */,
			);
			buildRules = (
			);
			dependencies = (
			);
			name = Toy2;
			productName = Toy2;
			productReference = 58BB7065219F7DFE00B71EE2 /* Toy2.app */;
			productType = "com.apple.product-type.application";
		};
		58BB7078219F7E0500B71EE2 /* Toy2Tests */ = {
			isa = PBXNativeTarget;
			buildConfigurationList = 58BB7090219F7E0500B71EE2 /* Build configuration list for PBXNativeTarget "Toy2Tests" */;
			buildPhases = (
				58BB7075219F7E0500B71EE2 /* Sources */,
				58BB7076219F7E0500B71EE2 /* Frameworks */,
				58BB7077219F7E0500B71EE2 /* Resources */,
			);
			buildRules = (
			);
			dependencies = (
				58BB707B219F7E0500B71EE2 /* PBXTargetDependency */,
			);
			name = Toy2Tests;
			productName = Toy2Tests;
			productReference = 58BB7079219F7E0500B71EE2 /* Toy2Tests.xctest */;
			productType = "com.apple.product-type.bundle.unit-test";
		};
		58BB7083219F7E0500B71EE2 /* Toy2UITests */ = {
			isa = PBXNativeTarget;
			buildConfigurationList = 58BB7093219F7E0500B71EE2 /* Build configuration list for PBXNativeTarget "Toy2UITests" */;
			buildPhases = (
				58BB7080219F7E0500B71EE2 /* Sources */,
				58BB7081219F7E0500B71EE2 /* Frameworks */,
				58BB7082219F7E0500B71EE2 /* Resources */,
			);
			buildRules = (
			);
			dependencies = (
				58BB7086219F7E0500B71EE2 /* PBXTargetDependency */,
			);
			name = Toy2UITests;
			productName = Toy2UITests;
			productReference = 58BB7084219F7E0500B71EE2 /* Toy2UITests.xctest */;
			productType = "com.apple.product-type.bundle.ui-testing";
		};
/* End PBXNativeTarget section */

/* Begin PBXProject section */
		58BB705D219F7DFE00B71EE2 /* Project object */ = {
			isa = PBXProject;
			attributes = {
				LastSwiftUpdateCheck = 1010;
				LastUpgradeCheck = 1010;
				ORGANIZATIONNAME = Citassy;
				TargetAttributes = {
					58BB7064219F7DFE00B71EE2 = {
						CreatedOnToolsVersion = 10.1;
					};
					58BB7078219F7E0500B71EE2 = {
						CreatedOnToolsVersion = 10.1;
						TestTargetID = 58BB7064219F7DFE00B71EE2;
					};
					58BB7083219F7E0500B71EE2 = {
						CreatedOnToolsVersion = 10.1;
						TestTargetID = 58BB7064219F7DFE00B71EE2;
					};
				};
			};
			buildConfigurationList = 58BB7060219F7DFE00B71EE2 /* Build configuration list for PBXProject "Toy2" */;
			compatibilityVersion = "Xcode 9.3";
			developmentRegion = en;
			hasScannedForEncodings = 0;
			knownRegions = (
				en,
				Base,
			);
			mainGroup = 58BB705C219F7DFE00B71EE2;
			productRefGroup = 58BB7066219F7DFE00B71EE2 /* Products */;
			projectDirPath = "";
			projectRoot = "";
			targets = (
				58BB7064219F7DFE00B71EE2 /* Toy2 */,
				58BB7078219F7E0500B71EE2 /* Toy2Tests */,
				58BB7083219F7E0500B71EE2 /* Toy2UITests */,
			);
		};
/* End PBXProject section */

/* Begin PBXResourcesBuildPhase section */
		58BB7063219F7DFE00B71EE2 /* Resources */ = {
			isa = PBXResourcesBuildPhase;
			buildActionMask = 2147483647;
			files = (
				58BB7073219F7E0400B71EE2 /* LaunchScreen.storyboard in Resources */,
				58BB7070219F7E0400B71EE2 /* Assets.xcassets in Resources */,
				58BB706E219F7DFE00B71EE2 /* Main.storyboard in Resources */,
			);
			runOnlyForDeploymentPostprocessing = 0;
		};
		58BB7077219F7E0500B71EE2 /* Resources */ = {
			isa = PBXResourcesBuildPhase;
			buildActionMask = 2147483647;
			files = (
			);
			runOnlyForDeploymentPostprocessing = 0;
		};
		58BB7082219F7E0500B71EE2 /* Resources */ = {
			isa = PBXResourcesBuildPhase;
			buildActionMask = 2147483647;
			files = (
			);
			runOnlyForDeploymentPostprocessing = 0;
		};
/* End PBXResourcesBuildPhase section */

/* Begin PBXSourcesBuildPhase section */
		58BB7061219F7DFE00B71EE2 /* Sources */ = {
			isa = PBXSourcesBuildPhase;
			buildActionMask = 2147483647;
			files = (
				58617F7621BCD7ED0058DDA7 /* AddCatTableViewCell.swift in Sources */,
				58CA9C9621A9EE49002DB369 /* CatTableViewCell.swift in Sources */,
				58BB706B219F7DFE00B71EE2 /* ViewController.swift in Sources */,
				58CA9C9921A9FF43002DB369 /* Cat.swift in Sources */,
				58CA9C9B21AA07B2002DB369 /* DetailViewController.swift in Sources */,
				58617F7421BCD7C90058DDA7 /* AddCatViewController.swift in Sources */,
				58CA9C9421A9EE26002DB369 /* CatTableViewController.swift in Sources */,
				58BB7069219F7DFE00B71EE2 /* AppDelegate.swift in Sources */,
			);
			runOnlyForDeploymentPostprocessing = 0;
		};
		58BB7075219F7E0500B71EE2 /* Sources */ = {
			isa = PBXSourcesBuildPhase;
			buildActionMask = 2147483647;
			files = (
				58BB707E219F7E0500B71EE2 /* Toy2Tests.swift in Sources */,
			);
			runOnlyForDeploymentPostprocessing = 0;
		};
		58BB7080219F7E0500B71EE2 /* Sources */ = {
			isa = PBXSourcesBuildPhase;
			buildActionMask = 2147483647;
			files = (
				58BB7089219F7E0500B71EE2 /* Toy2UITests.swift in Sources */,
			);
			runOnlyForDeploymentPostprocessing = 0;
		};
/* End PBXSourcesBuildPhase section */

/* Begin PBXTargetDependency section */
		58BB707B219F7E0500B71EE2 /* PBXTargetDependency */ = {
			isa = PBXTargetDependency;
			target = 58BB7064219F7DFE00B71EE2 /* Toy2 */;
			targetProxy = 58BB707A219F7E0500B71EE2 /* PBXContainerItemProxy */;
		};
		58BB7086219F7E0500B71EE2 /* PBXTargetDependency */ = {
			isa = PBXTargetDependency;
			target = 58BB7064219F7DFE00B71EE2 /* Toy2 */;
			targetProxy = 58BB7085219F7E0500B71EE2 /* PBXContainerItemProxy */;
		};
/* End PBXTargetDependency section */

/* Begin PBXVariantGroup section */
		58BB706C219F7DFE00B71EE2 /* Main.storyboard */ = {
			isa = PBXVariantGroup;
			children = (
				58BB706D219F7DFE00B71EE2 /* Base */,
			);
			name = Main.storyboard;
			sourceTree = "<group>";
		};
		58BB7071219F7E0400B71EE2 /* LaunchScreen.storyboard */ = {
			isa = PBXVariantGroup;
			children = (
				58BB7072219F7E0400B71EE2 /* Base */,
			);
			name = LaunchScreen.storyboard;
			sourceTree = "<group>";
		};
/* End PBXVariantGroup section */

/* Begin XCBuildConfiguration section */
		58BB708B219F7E0500B71EE2 /* Debug */ = {
			isa = XCBuildConfiguration;
			buildSettings = {
				ALWAYS_SEARCH_USER_PATHS = NO;
				CLANG_ANALYZER_NONNULL = YES;
				CLANG_ANALYZER_NUMBER_OBJECT_CONVERSION = YES_AGGRESSIVE;
				CLANG_CXX_LANGUAGE_STANDARD = "gnu++14";
				CLANG_CXX_LIBRARY = "libc++";
				CLANG_ENABLE_MODULES = YES;
				CLANG_ENABLE_OBJC_ARC = YES;
				CLANG_ENABLE_OBJC_WEAK = YES;
				CLANG_WARN_BLOCK_CAPTURE_AUTORELEASING = YES;
				CLANG_WARN_BOOL_CONVERSION = YES;
				CLANG_WARN_COMMA = YES;
				CLANG_WARN_CONSTANT_CONVERSION = YES;
				CLANG_WARN_DEPRECATED_OBJC_IMPLEMENTATIONS = YES;
				CLANG_WARN_DIRECT_OBJC_ISA_USAGE = YES_ERROR;
				CLANG_WARN_DOCUMENTATION_COMMENTS = YES;
				CLANG_WARN_EMPTY_BODY = YES;
				CLANG_WARN_ENUM_CONVERSION = YES;
				CLANG_WARN_INFINITE_RECURSION = YES;
				CLANG_WARN_INT_CONVERSION = YES;
				CLANG_WARN_NON_LITERAL_NULL_CONVERSION = YES;
				CLANG_WARN_OBJC_IMPLICIT_RETAIN_SELF = YES;
				CLANG_WARN_OBJC_LITERAL_CONVERSION = YES;
				CLANG_WARN_OBJC_ROOT_CLASS = YES_ERROR;
				CLANG_WARN_RANGE_LOOP_ANALYSIS = YES;
				CLANG_WARN_STRICT_PROTOTYPES = YES;
				CLANG_WARN_SUSPICIOUS_MOVE = YES;
				CLANG_WARN_UNGUARDED_AVAILABILITY = YES_AGGRESSIVE;
				CLANG_WARN_UNREACHABLE_CODE = YES;
				CLANG_WARN__DUPLICATE_METHOD_MATCH = YES;
				CODE_SIGN_IDENTITY = "iPhone Developer";
				COPY_PHASE_STRIP = NO;
				DEBUG_INFORMATION_FORMAT = dwarf;
				ENABLE_STRICT_OBJC_MSGSEND = YES;
				ENABLE_TESTABILITY = YES;
				GCC_C_LANGUAGE_STANDARD = gnu11;
				GCC_DYNAMIC_NO_PIC = NO;
				GCC_NO_COMMON_BLOCKS = YES;
				GCC_OPTIMIZATION_LEVEL = 0;
				GCC_PREPROCESSOR_DEFINITIONS = (
					"DEBUG=1",
					"$(inherited)",
				);
				GCC_WARN_64_TO_32_BIT_CONVERSION = YES;
				GCC_WARN_ABOUT_RETURN_TYPE = YES_ERROR;
				GCC_WARN_UNDECLARED_SELECTOR = YES;
				GCC_WARN_UNINITIALIZED_AUTOS = YES_AGGRESSIVE;
				GCC_WARN_UNUSED_FUNCTION = YES;
				GCC_WARN_UNUSED_VARIABLE = YES;
				IPHONEOS_DEPLOYMENT_TARGET = 12.1;
				MTL_ENABLE_DEBUG_INFO = INCLUDE_SOURCE;
				MTL_FAST_MATH = YES;
				ONLY_ACTIVE_ARCH = YES;
				SDKROOT = iphoneos;
				SWIFT_ACTIVE_COMPILATION_CONDITIONS = DEBUG;
				SWIFT_OPTIMIZATION_LEVEL = "-Onone";
			};
			name = Debug;
		};
		58BB708C219F7E0500B71EE2 /* Release */ = {
			isa = XCBuildConfiguration;
			buildSettings = {
				ALWAYS_SEARCH_USER_PATHS = NO;
				CLANG_ANALYZER_NONNULL = YES;
				CLANG_ANALYZER_NUMBER_OBJECT_CONVERSION = YES_AGGRESSIVE;
				CLANG_CXX_LANGUAGE_STANDARD = "gnu++14";
				CLANG_CXX_LIBRARY = "libc++";
				CLANG_ENABLE_MODULES = YES;
				CLANG_ENABLE_OBJC_ARC = YES;
				CLANG_ENABLE_OBJC_WEAK = YES;
				CLANG_WARN_BLOCK_CAPTURE_AUTORELEASING = YES;
				CLANG_WARN_BOOL_CONVERSION = YES;
				CLANG_WARN_COMMA = YES;
				CLANG_WARN_CONSTANT_CONVERSION = YES;
				CLANG_WARN_DEPRECATED_OBJC_IMPLEMENTATIONS = YES;
				CLANG_WARN_DIRECT_OBJC_ISA_USAGE = YES_ERROR;
				CLANG_WARN_DOCUMENTATION_COMMENTS = YES;
				CLANG_WARN_EMPTY_BODY = YES;
				CLANG_WARN_ENUM_CONVERSION = YES;
				CLANG_WARN_INFINITE_RECURSION = YES;
				CLANG_WARN_INT_CONVERSION = YES;
				CLANG_WARN_NON_LITERAL_NULL_CONVERSION = YES;
				CLANG_WARN_OBJC_IMPLICIT_RETAIN_SELF = YES;
				CLANG_WARN_OBJC_LITERAL_CONVERSION = YES;
				CLANG_WARN_OBJC_ROOT_CLASS = YES_ERROR;
				CLANG_WARN_RANGE_LOOP_ANALYSIS = YES;
				CLANG_WARN_STRICT_PROTOTYPES = YES;
				CLANG_WARN_SUSPICIOUS_MOVE = YES;
				CLANG_WARN_UNGUARDED_AVAILABILITY = YES_AGGRESSIVE;
				CLANG_WARN_UNREACHABLE_CODE = YES;
				CLANG_WARN__DUPLICATE_METHOD_MATCH = YES;
				CODE_SIGN_IDENTITY = "iPhone Developer";
				COPY_PHASE_STRIP = NO;
				DEBUG_INFORMATION_FORMAT = "dwarf-with-dsym";
				ENABLE_NS_ASSERTIONS = NO;
				ENABLE_STRICT_OBJC_MSGSEND = YES;
				GCC_C_LANGUAGE_STANDARD = gnu11;
				GCC_NO_COMMON_BLOCKS = YES;
				GCC_WARN_64_TO_32_BIT_CONVERSION = YES;
				GCC_WARN_ABOUT_RETURN_TYPE = YES_ERROR;
				GCC_WARN_UNDECLARED_SELECTOR = YES;
				GCC_WARN_UNINITIALIZED_AUTOS = YES_AGGRESSIVE;
				GCC_WARN_UNUSED_FUNCTION = YES;
				GCC_WARN_UNUSED_VARIABLE = YES;
				IPHONEOS_DEPLOYMENT_TARGET = 12.1;
				MTL_ENABLE_DEBUG_INFO = NO;
				MTL_FAST_MATH = YES;
				SDKROOT = iphoneos;
				SWIFT_COMPILATION_MODE = wholemodule;
				SWIFT_OPTIMIZATION_LEVEL = "-O";
				VALIDATE_PRODUCT = YES;
			};
			name = Release;
		};
		58BB708E219F7E0500B71EE2 /* Debug */ = {
			isa = XCBuildConfiguration;
			buildSettings = {
				ASSETCATALOG_COMPILER_APPICON_NAME = AppIcon;
				CODE_SIGN_STYLE = Automatic;
				DEVELOPMENT_TEAM = 7DAJYQ98JB;
				INFOPLIST_FILE = Toy2/Info.plist;
				LD_RUNPATH_SEARCH_PATHS = (
					"$(inherited)",
					"@executable_path/Frameworks",
				);
				PRODUCT_BUNDLE_IDENTIFIER = citassy.Toy2;
				PRODUCT_NAME = "$(TARGET_NAME)";
				SWIFT_VERSION = 4.2;
				TARGETED_DEVICE_FAMILY = "1,2";
			};
			name = Debug;
		};
		58BB708F219F7E0500B71EE2 /* Release */ = {
			isa = XCBuildConfiguration;
			buildSettings = {
				ASSETCATALOG_COMPILER_APPICON_NAME = AppIcon;
				CODE_SIGN_STYLE = Automatic;
				DEVELOPMENT_TEAM = 7DAJYQ98JB;
				INFOPLIST_FILE = Toy2/Info.plist;
				LD_RUNPATH_SEARCH_PATHS = (
					"$(inherited)",
					"@executable_path/Frameworks",
				);
				PRODUCT_BUNDLE_IDENTIFIER = citassy.Toy2;
				PRODUCT_NAME = "$(TARGET_NAME)";
				SWIFT_VERSION = 4.2;
				TARGETED_DEVICE_FAMILY = "1,2";
			};
			name = Release;
		};
		58BB7091219F7E0500B71EE2 /* Debug */ = {
			isa = XCBuildConfiguration;
			buildSettings = {
				ALWAYS_EMBED_SWIFT_STANDARD_LIBRARIES = YES;
				BUNDLE_LOADER = "$(TEST_HOST)";
				CODE_SIGN_STYLE = Automatic;
				DEVELOPMENT_TEAM = 7DAJYQ98JB;
				INFOPLIST_FILE = Toy2Tests/Info.plist;
				LD_RUNPATH_SEARCH_PATHS = (
					"$(inherited)",
					"@executable_path/Frameworks",
					"@loader_path/Frameworks",
				);
				PRODUCT_BUNDLE_IDENTIFIER = citassy.Toy2Tests;
				PRODUCT_NAME = "$(TARGET_NAME)";
				SWIFT_VERSION = 4.2;
				TARGETED_DEVICE_FAMILY = "1,2";
				TEST_HOST = "$(BUILT_PRODUCTS_DIR)/Toy2.app/Toy2";
			};
			name = Debug;
		};
		58BB7092219F7E0500B71EE2 /* Release */ = {
			isa = XCBuildConfiguration;
			buildSettings = {
				ALWAYS_EMBED_SWIFT_STANDARD_LIBRARIES = YES;
				BUNDLE_LOADER = "$(TEST_HOST)";
				CODE_SIGN_STYLE = Automatic;
				DEVELOPMENT_TEAM = 7DAJYQ98JB;
				INFOPLIST_FILE = Toy2Tests/Info.plist;
				LD_RUNPATH_SEARCH_PATHS = (
					"$(inherited)",
					"@executable_path/Frameworks",
					"@loader_path/Frameworks",
				);
				PRODUCT_BUNDLE_IDENTIFIER = citassy.Toy2Tests;
				PRODUCT_NAME = "$(TARGET_NAME)";
				SWIFT_VERSION = 4.2;
				TARGETED_DEVICE_FAMILY = "1,2";
				TEST_HOST = "$(BUILT_PRODUCTS_DIR)/Toy2.app/Toy2";
			};
			name = Release;
		};
		58BB7094219F7E0500B71EE2 /* Debug */ = {
			isa = XCBuildConfiguration;
			buildSettings = {
				ALWAYS_EMBED_SWIFT_STANDARD_LIBRARIES = YES;
				CODE_SIGN_STYLE = Automatic;
				DEVELOPMENT_TEAM = 7DAJYQ98JB;
				INFOPLIST_FILE = Toy2UITests/Info.plist;
				LD_RUNPATH_SEARCH_PATHS = (
					"$(inherited)",
					"@executable_path/Frameworks",
					"@loader_path/Frameworks",
				);
				PRODUCT_BUNDLE_IDENTIFIER = citassy.Toy2UITests;
				PRODUCT_NAME = "$(TARGET_NAME)";
				SWIFT_VERSION = 4.2;
				TARGETED_DEVICE_FAMILY = "1,2";
				TEST_TARGET_NAME = Toy2;
			};
			name = Debug;
		};
		58BB7095219F7E0500B71EE2 /* Release */ = {
			isa = XCBuildConfiguration;
			buildSettings = {
				ALWAYS_EMBED_SWIFT_STANDARD_LIBRARIES = YES;
				CODE_SIGN_STYLE = Automatic;
				DEVELOPMENT_TEAM = 7DAJYQ98JB;
				INFOPLIST_FILE = Toy2UITests/Info.plist;
				LD_RUNPATH_SEARCH_PATHS = (
					"$(inherited)",
					"@executable_path/Frameworks",
					"@loader_path/Frameworks",
				);
				PRODUCT_BUNDLE_IDENTIFIER = citassy.Toy2UITests;
				PRODUCT_NAME = "$(TARGET_NAME)";
				SWIFT_VERSION = 4.2;
				TARGETED_DEVICE_FAMILY = "1,2";
				TEST_TARGET_NAME = Toy2;
			};
			name = Release;
		};
/* End XCBuildConfiguration section */

/* Begin XCConfigurationList section */
		58BB7060219F7DFE00B71EE2 /* Build configuration list for PBXProject "Toy2" */ = {
			isa = XCConfigurationList;
			buildConfigurations = (
				58BB708B219F7E0500B71EE2 /* Debug */,
				58BB708C219F7E0500B71EE2 /* Release */,
			);
			defaultConfigurationIsVisible = 0;
			defaultConfigurationName = Release;
		};
		58BB708D219F7E0500B71EE2 /* Build configuration list for PBXNativeTarget "Toy2" */ = {
			isa = XCConfigurationList;
			buildConfigurations = (
				58BB708E219F7E0500B71EE2 /* Debug */,
				58BB708F219F7E0500B71EE2 /* Release */,
			);
			defaultConfigurationIsVisible = 0;
			defaultConfigurationName = Release;
		};
		58BB7090219F7E0500B71EE2 /* Build configuration list for PBXNativeTarget "Toy2Tests" */ = {
			isa = XCConfigurationList;
			buildConfigurations = (
				58BB7091219F7E0500B71EE2 /* Debug */,
				58BB7092219F7E0500B71EE2 /* Release */,
			);
			defaultConfigurationIsVisible = 0;
			defaultConfigurationName = Release;
		};
		58BB7093219F7E0500B71EE2 /* Build configuration list for PBXNativeTarget "Toy2UITests" */ = {
			isa = XCConfigurationList;
			buildConfigurations = (
				58BB7094219F7E0500B71EE2 /* Debug */,
				58BB7095219F7E0500B71EE2 /* Release */,
			);
			defaultConfigurationIsVisible = 0;
			defaultConfigurationName = Release;
		};
/* End XCConfigurationList section */
	};
	rootObject = 58BB705D219F7DFE00B71EE2 /* Project object */;
}
